
Microsoft Visual Studio Solution File, Format Version 12.00
# Visual Studio Version 16
VisualStudioVersion = 16.0.29905.134
MinimumVisualStudioVersion = 10.0.40219.1
Project("{FAE04EC0-301F-11D3-BF4B-00C04F79EFBC}") = "MyDiplom", "MyDiplom\MyDiplom.csproj", "{188CBCFC-526B-41EE-995E-3ED854DF9E30}"
EndProject
Global
	GlobalSection(SolutionConfigurationPlatforms) = preSolution
		Debug|Any CPU = Debug|Any CPU
		Release|Any CPU = Release|Any CPU
	EndGlobalSection
	GlobalSection(ProjectConfigurationPlatforms) = postSolution
		{188CBCFC-526B-41EE-995E-3ED854DF9E30}.Debug|Any CPU.ActiveCfg = Debug|Any CPU
		{188CBCFC-526B-41EE-995E-3ED854DF9E30}.Debug|Any CPU.Build.0 = Debug|Any CPU
		{188CBCFC-526B-41EE-995E-3ED854DF9E30}.Release|Any CPU.ActiveCfg = Release|Any CPU
		{188CBCFC-526B-41EE-995E-3ED854DF9E30}.Release|Any CPU.Build.0 = Release|Any CPU
	EndGlobalSection
	GlobalSection(SolutionProperties) = preSolution
		HideSolutionNode = FALSE
	EndGlobalSection
	GlobalSection(ExtensibilityGlobals) = postSolution
		SolutionGuid = {C565DEE5-667F-4C5E-917E-2752C5F75EA1}
	EndGlobalSection
EndGlobal
